
Microsoft Visual Studio Solution File, Format Version 12.00
Project("{FAE04EC0-301F-11D3-BF4B-00C04F79EFBC}") = "OrderFlow.Contracts", "OrderFlow.Contracts\OrderFlow.Contracts.csproj", "{DE1F1584-CFF2-4652-90DA-B2B1ED082CCD}"
EndProject
Project("{FAE04EC0-301F-11D3-BF4B-00C04F79EFBC}") = "OrderFlow.Gateway", "OrderFlow.Gateway\OrderFlow.Gateway.csproj", "{95A3DF4E-1917-4A41-9D4F-F6C6448EFFB3}"
EndProject
Project("{2150E333-8FDC-42A3-9474-1A3956D46DE8}") = "services", "services", "{5854FF58-B8C5-05C6-5BF2-ACE42193F22B}"
EndProject
Project("{FAE04EC0-301F-11D3-BF4B-00C04F79EFBC}") = "OrderFlow.Orders.Api", "services\OrderFlow.Orders.Api\OrderFlow.Orders.Api.csproj", "{BA913A51-8B50-46BD-86BC-3D273EDE7C61}"
EndProject
Project("{FAE04EC0-301F-11D3-BF4B-00C04F79EFBC}") = "OrderFlow.Inventory.Api", "services\OrderFlow.Inventory.Api\OrderFlow.Inventory.Api.csproj", "{120C6CE1-52F3-4DF6-83D6-199CB388146C}"
EndProject
Project("{FAE04EC0-301F-11D3-BF4B-00C04F79EFBC}") = "OrderFlow.Notifications.Api", "services\OrderFlow.Notifications.Api\OrderFlow.Notifications.Api.csproj", "{F35C5966-2A44-4034-80C4-5EEEA785843F}"
EndProject
Global
	GlobalSection(SolutionConfigurationPlatforms) = preSolution
		Debug|Any CPU = Debug|Any CPU
		Debug|x64 = Debug|x64
		Debug|x86 = Debug|x86
		Release|Any CPU = Release|Any CPU
		Release|x64 = Release|x64
		Release|x86 = Release|x86
	EndGlobalSection
	GlobalSection(ProjectConfigurationPlatforms) = postSolution
		{DE1F1584-CFF2-4652-90DA-B2B1ED082CCD}.Debug|Any CPU.ActiveCfg = Debug|Any CPU
		{DE1F1584-CFF2-4652-90DA-B2B1ED082CCD}.Debug|Any CPU.Build.0 = Debug|Any CPU
		{DE1F1584-CFF2-4652-90DA-B2B1ED082CCD}.Debug|x64.ActiveCfg = Debug|Any CPU
		{DE1F1584-CFF2-4652-90DA-B2B1ED082CCD}.Debug|x64.Build.0 = Debug|Any CPU
		{DE1F1584-CFF2-4652-90DA-B2B1ED082CCD}.Debug|x86.ActiveCfg = Debug|Any CPU
		{DE1F1584-CFF2-4652-90DA-B2B1ED082CCD}.Debug|x86.Build.0 = Debug|Any CPU
		{DE1F1584-CFF2-4652-90DA-B2B1ED082CCD}.Release|Any CPU.ActiveCfg = Release|Any CPU
		{DE1F1584-CFF2-4652-90DA-B2B1ED082CCD}.Release|Any CPU.Build.0 = Release|Any CPU
		{DE1F1584-CFF2-4652-90DA-B2B1ED082CCD}.Release|x64.ActiveCfg = Release|Any CPU
		{DE1F1584-CFF2-4652-90DA-B2B1ED082CCD}.Release|x64.Build.0 = Release|Any CPU
		{DE1F1584-CFF2-4652-90DA-B2B1ED082CCD}.Release|x86.ActiveCfg = Release|Any CPU
		{DE1F1584-CFF2-4652-90DA-B2B1ED082CCD}.Release|x86.Build.0 = Release|Any CPU
		{95A3DF4E-1917-4A41-9D4F-F6C6448EFFB3}.Debug|Any CPU.ActiveCfg = Debug|Any CPU
		{95A3DF4E-1917-4A41-9D4F-F6C6448EFFB3}.Debug|Any CPU.Build.0 = Debug|Any CPU
		{95A3DF4E-1917-4A41-9D4F-F6C6448EFFB3}.Debug|x64.ActiveCfg = Debug|Any CPU
		{95A3DF4E-1917-4A41-9D4F-F6C6448EFFB3}.Debug|x64.Build.0 = Debug|Any CPU
		{95A3DF4E-1917-4A41-9D4F-F6C6448EFFB3}.Debug|x86.ActiveCfg = Debug|Any CPU
		{95A3DF4E-1917-4A41-9D4F-F6C6448EFFB3}.Debug|x86.Build.0 = Debug|Any CPU
		{95A3DF4E-1917-4A41-9D4F-F6C6448EFFB3}.Release|Any CPU.ActiveCfg = Release|Any CPU
		{95A3DF4E-1917-4A41-9D4F-F6C6448EFFB3}.Release|Any CPU.Build.0 = Release|Any CPU
		{95A3DF4E-1917-4A41-9D4F-F6C6448EFFB3}.Release|x64.ActiveCfg = Release|Any CPU
		{95A3DF4E-1917-4A41-9D4F-F6C6448EFFB3}.Release|x64.Build.0 = Release|Any CPU
		{95A3DF4E-1917-4A41-9D4F-F6C6448EFFB3}.Release|x86.ActiveCfg = Release|Any CPU
		{95A3DF4E-1917-4A41-9D4F-F6C6448EFFB3}.Release|x86.Build.0 = Release|Any CPU
		{BA913A51-8B50-46BD-86BC-3D273EDE7C61}.Debug|Any CPU.ActiveCfg = Debug|Any CPU
		{BA913A51-8B50-46BD-86BC-3D273EDE7C61}.Debug|Any CPU.Build.0 = Debug|Any CPU
		{BA913A51-8B50-46BD-86BC-3D273EDE7C61}.Debug|x64.ActiveCfg = Debug|Any CPU
		{BA913A51-8B50-46BD-86BC-3D273EDE7C61}.Debug|x64.Build.0 = Debug|Any CPU
		{BA913A51-8B50-46BD-86BC-3D273EDE7C61}.Debug|x86.ActiveCfg = Debug|Any CPU
		{BA913A51-8B50-46BD-86BC-3D273EDE7C61}.Debug|x86.Build.0 = Debug|Any CPU
		{BA913A51-8B50-46BD-86BC-3D273EDE7C61}.Release|Any CPU.ActiveCfg = Release|Any CPU
		{BA913A51-8B50-46BD-86BC-3D273EDE7C61}.Release|Any CPU.Build.0 = Release|Any CPU
		{BA913A51-8B50-46BD-86BC-3D273EDE7C61}.Release|x64.ActiveCfg = Release|Any CPU
		{BA913A51-8B50-46BD-86BC-3D273EDE7C61}.Release|x64.Build.0 = Release|Any CPU
		{BA913A51-8B50-46BD-86BC-3D273EDE7C61}.Release|x86.ActiveCfg = Release|Any CPU
		{BA913A51-8B50-46BD-86BC-3D273EDE7C61}.Release|x86.Build.0 = Release|Any CPU
		{120C6CE1-52F3-4DF6-83D6-199CB388146C}.Debug|Any CPU.ActiveCfg = Debug|Any CPU
		{120C6CE1-52F3-4DF6-83D6-199CB388146C}.Debug|Any CPU.Build.0 = Debug|Any CPU
		{120C6CE1-52F3-4DF6-83D6-199CB388146C}.Debug|x64.ActiveCfg = Debug|Any CPU
		{120C6CE1-52F3-4DF6-83D6-199CB388146C}.Debug|x64.Build.0 = Debug|Any CPU
		{120C6CE1-52F3-4DF6-83D6-199CB388146C}.Debug|x86.ActiveCfg = Debug|Any CPU
		{120C6CE1-52F3-4DF6-83D6-199CB388146C}.Debug|x86.Build.0 = Debug|Any CPU
		{120C6CE1-52F3-4DF6-83D6-199CB388146C}.Release|Any CPU.ActiveCfg = Release|Any CPU
		{120C6CE1-52F3-4DF6-83D6-199CB388146C}.Release|Any CPU.Build.0 = Release|Any CPU
		{120C6CE1-52F3-4DF6-83D6-199CB388146C}.Release|x64.ActiveCfg = Release|Any CPU
		{120C6CE1-52F3-4DF6-83D6-199CB388146C}.Release|x64.Build.0 = Release|Any CPU
		{120C6CE1-52F3-4DF6-83D6-199CB388146C}.Release|x86.ActiveCfg = Release|Any CPU
		{120C6CE1-52F3-4DF6-83D6-199CB388146C}.Release|x86.Build.0 = Release|Any CPU
		{F35C5966-2A44-4034-80C4-5EEEA785843F}.Debug|Any CPU.ActiveCfg = Debug|Any CPU
		{F35C5966-2A44-4034-80C4-5EEEA785843F}.Debug|Any CPU.Build.0 = Debug|Any CPU
		{F35C5966-2A44-4034-80C4-5EEEA785843F}.Debug|x64.ActiveCfg = Debug|Any CPU
		{F35C5966-2A44-4034-80C4-5EEEA785843F}.Debug|x64.Build.0 = Debug|Any CPU
		{F35C5966-2A44-4034-80C4-5EEEA785843F}.Debug|x86.ActiveCfg = Debug|Any CPU
		{F35C5966-2A44-4034-80C4-5EEEA785843F}.Debug|x86.Build.0 = Debug|Any CPU
		{F35C5966-2A44-4034-80C4-5EEEA785843F}.Release|Any CPU.ActiveCfg = Release|Any CPU
		{F35C5966-2A44-4034-80C4-5EEEA785843F}.Release|Any CPU.Build.0 = Release|Any CPU
		{F35C5966-2A44-4034-80C4-5EEEA785843F}.Release|x64.ActiveCfg = Release|Any CPU
		{F35C5966-2A44-4034-80C4-5EEEA785843F}.Release|x64.Build.0 = Release|Any CPU
		{F35C5966-2A44-4034-80C4-5EEEA785843F}.Release|x86.ActiveCfg = Release|Any CPU
		{F35C5966-2A44-4034-80C4-5EEEA785843F}.Release|x86.Build.0 = Release|Any CPU
	EndGlobalSection
	GlobalSection(SolutionProperties) = preSolution
		HideSolutionNode = FALSE
	EndGlobalSection
	GlobalSection(NestedProjects) = preSolution
		{BA913A51-8B50-46BD-86BC-3D273EDE7C61} = {5854FF58-B8C5-05C6-5BF2-ACE42193F22B}
		{120C6CE1-52F3-4DF6-83D6-199CB388146C} = {5854FF58-B8C5-05C6-5BF2-ACE42193F22B}
		{F35C5966-2A44-4034-80C4-5EEEA785843F} = {5854FF58-B8C5-05C6-5BF2-ACE42193F22B}
	EndGlobalSection
EndGlobal
